// !$*UTF8*$!
{
	archiveVersion = 1;
	classes = {
	};
	objectVersion = 51;
	objects = {

/* Begin PBXBuildFile section */
		18E7BFBA26A866BD0025D514 /* RoutineParam.xib in Resources */ = {isa = PBXBuildFile; fileRef = 18E7BFB926A866BD0025D514 /* RoutineParam.xib */; };
		761B63F42739002F0025F322 /* SegmentCreate.swift in Sources */ = {isa = PBXBuildFile; fileRef = 761B63F22739002F0025F322 /* SegmentCreate.swift */; };
		761B63F52739002F0025F322 /* SegmentCreate.xib in Resources */ = {isa = PBXBuildFile; fileRef = 761B63F32739002F0025F322 /* SegmentCreate.xib */; };
		764C0949272FDE6E000F540E /* NewRoutine.xib in Resources */ = {isa = PBXBuildFile; fileRef = 764C0948272FDE6E000F540E /* NewRoutine.xib */; };
		764C094C272FDE9B000F540E /* NewRoutinView.swift in Sources */ = {isa = PBXBuildFile; fileRef = 764C094B272FDE9B000F540E /* NewRoutinView.swift */; };
		764C0952272FEA09000F540E /* NewCreateSegmentVC.swift in Sources */ = {isa = PBXBuildFile; fileRef = 764C0951272FEA09000F540E /* NewCreateSegmentVC.swift */; };
		765B021026FC5F7600EFF7AB /* NewHomeVC.swift in Sources */ = {isa = PBXBuildFile; fileRef = 765B020F26FC5F7600EFF7AB /* NewHomeVC.swift */; };
		766E7A87274676B700B1D5B7 /* SearchFilterVC.swift in Sources */ = {isa = PBXBuildFile; fileRef = 766E7A86274676B700B1D5B7 /* SearchFilterVC.swift */; };
		768F9B0E26FD929100381894 /* PDFViewVC.swift in Sources */ = {isa = PBXBuildFile; fileRef = 768F9B0D26FD929100381894 /* PDFViewVC.swift */; };
		86F3322C3FD2C35421C5D74B /* Pods_MassageRobot.framework in Frameworks */ = {isa = PBXBuildFile; fileRef = BE5EC1757D44B6A666C3E760 /* Pods_MassageRobot.framework */; };
		CFC6FD6227562F7900BECB6A /* SearchDataVC.swift in Sources */ = {isa = PBXBuildFile; fileRef = CFC6FD6127562F7900BECB6A /* SearchDataVC.swift */; };
		FF00D53D26AE730F00B440F4 /* SegmentPlayCell.swift in Sources */ = {isa = PBXBuildFile; fileRef = FF00D53B26AE730F00B440F4 /* SegmentPlayCell.swift */; };
		FF00D53E26AE730F00B440F4 /* SegmentPlayCell.xib in Resources */ = {isa = PBXBuildFile; fileRef = FF00D53C26AE730F00B440F4 /* SegmentPlayCell.xib */; };
		FF1563552681002E008BB56E /* CreateToutine.storyboard in Resources */ = {isa = PBXBuildFile; fileRef = FF1563542681002E008BB56E /* CreateToutine.storyboard */; };
		FF15635726810046008BB56E /* Search.storyboard in Resources */ = {isa = PBXBuildFile; fileRef = FF15635626810046008BB56E /* Search.storyboard */; };
		FF15635926810050008BB56E /* Info.storyboard in Resources */ = {isa = PBXBuildFile; fileRef = FF15635826810050008BB56E /* Info.storyboard */; };
		FF15635B2681005B008BB56E /* Notification.storyboard in Resources */ = {isa = PBXBuildFile; fileRef = FF15635A2681005B008BB56E /* Notification.storyboard */; };
		FF15635D26810064008BB56E /* Menu.storyboard in Resources */ = {isa = PBXBuildFile; fileRef = FF15635C26810064008BB56E /* Menu.storyboard */; };
		FF156363268102DC008BB56E /* TabViewController.swift in Sources */ = {isa = PBXBuildFile; fileRef = FF156362268102DC008BB56E /* TabViewController.swift */; };
		FF15638526810689008BB56E /* CustomDelegate.swift in Sources */ = {isa = PBXBuildFile; fileRef = FF15638426810689008BB56E /* CustomDelegate.swift */; };
		FF15639926810707008BB56E /* UnderlineTextField.swift in Sources */ = {isa = PBXBuildFile; fileRef = FF15638826810707008BB56E /* UnderlineTextField.swift */; };
		FF15639A26810707008BB56E /* JSONParser.swift in Sources */ = {isa = PBXBuildFile; fileRef = FF15638926810707008BB56E /* JSONParser.swift */; };
		FF15639B26810707008BB56E /* UIApplication+extention.swift in Sources */ = {isa = PBXBuildFile; fileRef = FF15638A26810707008BB56E /* UIApplication+extention.swift */; };
		FF15639C26810707008BB56E /* SharedFunctions.swift in Sources */ = {isa = PBXBuildFile; fileRef = FF15638B26810707008BB56E /* SharedFunctions.swift */; };
		FF15639D26810707008BB56E /* Extenstion.swift in Sources */ = {isa = PBXBuildFile; fileRef = FF15638C26810707008BB56E /* Extenstion.swift */; };
		FF15639E26810707008BB56E /* Constant.swift in Sources */ = {isa = PBXBuildFile; fileRef = FF15638D26810707008BB56E /* Constant.swift */; };
		FF15639F26810707008BB56E /* LoginModel.swift in Sources */ = {isa = PBXBuildFile; fileRef = FF15638F26810707008BB56E /* LoginModel.swift */; };
		FF1563A026810707008BB56E /* PlainHorizontalProgressBar.swift in Sources */ = {isa = PBXBuildFile; fileRef = FF15639126810707008BB56E /* PlainHorizontalProgressBar.swift */; };
		FF1563A126810707008BB56E /* RotatingCircularGradientProgressBar.swift in Sources */ = {isa = PBXBuildFile; fileRef = FF15639226810707008BB56E /* RotatingCircularGradientProgressBar.swift */; };
		FF1563A226810707008BB56E /* GradientHorizontalProgressBar.swift in Sources */ = {isa = PBXBuildFile; fileRef = FF15639326810707008BB56E /* GradientHorizontalProgressBar.swift */; };
		FF1563A326810707008BB56E /* GradientCircularProgressBar.swift in Sources */ = {isa = PBXBuildFile; fileRef = FF15639426810707008BB56E /* GradientCircularProgressBar.swift */; };
		FF1563A426810707008BB56E /* PlainCircularProgressBar.swift in Sources */ = {isa = PBXBuildFile; fileRef = FF15639526810707008BB56E /* PlainCircularProgressBar.swift */; };
		FF1563A526810707008BB56E /* TriangleView.swift in Sources */ = {isa = PBXBuildFile; fileRef = FF15639626810707008BB56E /* TriangleView.swift */; };
		FF1563A626810707008BB56E /* helper.swift in Sources */ = {isa = PBXBuildFile; fileRef = FF15639726810707008BB56E /* helper.swift */; };
		FF1563A726810707008BB56E /* FilledColorView.swift in Sources */ = {isa = PBXBuildFile; fileRef = FF15639826810707008BB56E /* FilledColorView.swift */; };
		FF1563B3268109C0008BB56E /* Lato-ThinItalic.ttf in Resources */ = {isa = PBXBuildFile; fileRef = FF1563A8268109C0008BB56E /* Lato-ThinItalic.ttf */; };
		FF1563B4268109C0008BB56E /* Lato-Black.ttf in Resources */ = {isa = PBXBuildFile; fileRef = FF1563A9268109C0008BB56E /* Lato-Black.ttf */; };
		FF1563B5268109C0008BB56E /* Lato-Thin.ttf in Resources */ = {isa = PBXBuildFile; fileRef = FF1563AA268109C0008BB56E /* Lato-Thin.ttf */; };
		FF1563B6268109C0008BB56E /* OFL.txt in Resources */ = {isa = PBXBuildFile; fileRef = FF1563AB268109C0008BB56E /* OFL.txt */; };
		FF1563B7268109C0008BB56E /* Lato-Light.ttf in Resources */ = {isa = PBXBuildFile; fileRef = FF1563AC268109C0008BB56E /* Lato-Light.ttf */; };
		FF1563B8268109C0008BB56E /* Lato-BlackItalic.ttf in Resources */ = {isa = PBXBuildFile; fileRef = FF1563AD268109C0008BB56E /* Lato-BlackItalic.ttf */; };
		FF1563B9268109C0008BB56E /* Lato-LightItalic.ttf in Resources */ = {isa = PBXBuildFile; fileRef = FF1563AE268109C0008BB56E /* Lato-LightItalic.ttf */; };
		FF1563BA268109C0008BB56E /* Lato-Bold.ttf in Resources */ = {isa = PBXBuildFile; fileRef = FF1563AF268109C0008BB56E /* Lato-Bold.ttf */; };
		FF1563BB268109C0008BB56E /* Lato-BoldItalic.ttf in Resources */ = {isa = PBXBuildFile; fileRef = FF1563B0268109C0008BB56E /* Lato-BoldItalic.ttf */; };
		FF1563BC268109C0008BB56E /* Lato-Italic.ttf in Resources */ = {isa = PBXBuildFile; fileRef = FF1563B1268109C0008BB56E /* Lato-Italic.ttf */; };
		FF1563BD268109C0008BB56E /* Lato-Regular.ttf in Resources */ = {isa = PBXBuildFile; fileRef = FF1563B2268109C0008BB56E /* Lato-Regular.ttf */; };
		FF1563BF26811A6A008BB56E /* CreateRoutineViewController.swift in Sources */ = {isa = PBXBuildFile; fileRef = FF1563BE26811A6A008BB56E /* CreateRoutineViewController.swift */; };
		FF161F1726AC49660001D693 /* GoogleService-Info.plist in Resources */ = {isa = PBXBuildFile; fileRef = FF161F1626AC49660001D693 /* GoogleService-Info.plist */; };
		FF31761026A6CB9E005794FA /* RoutineDetailDisplayVC.swift in Sources */ = {isa = PBXBuildFile; fileRef = FF31760F26A6CB9E005794FA /* RoutineDetailDisplayVC.swift */; };
		FF32318026CBD76E00E2514A /* SortingVC.swift in Sources */ = {isa = PBXBuildFile; fileRef = FF32317F26CBD76E00E2514A /* SortingVC.swift */; };
		FF3DC8E926AD4B6000143F8D /* SegmentPlayVC.swift in Sources */ = {isa = PBXBuildFile; fileRef = FF3DC8E826AD4B6000143F8D /* SegmentPlayVC.swift */; };
		FF52EA792680DA7900193EA1 /* AppDelegate.swift in Sources */ = {isa = PBXBuildFile; fileRef = FF52EA782680DA7900193EA1 /* AppDelegate.swift */; };
		FF52EA802680DA7900193EA1 /* Main.storyboard in Resources */ = {isa = PBXBuildFile; fileRef = FF52EA7E2680DA7900193EA1 /* Main.storyboard */; };
		FF52EA832680DA7900193EA1 /* MassageRobot.xcdatamodeld in Sources */ = {isa = PBXBuildFile; fileRef = FF52EA812680DA7900193EA1 /* MassageRobot.xcdatamodeld */; };
		FF52EA852680DA7900193EA1 /* Assets.xcassets in Resources */ = {isa = PBXBuildFile; fileRef = FF52EA842680DA7900193EA1 /* Assets.xcassets */; };
		FF52EA882680DA7900193EA1 /* LaunchScreen.storyboard in Resources */ = {isa = PBXBuildFile; fileRef = FF52EA862680DA7900193EA1 /* LaunchScreen.storyboard */; };
		FF80202F26AC5A2100F12CC6 /* RoutineParam.swift in Sources */ = {isa = PBXBuildFile; fileRef = FF80202E26AC5A2100F12CC6 /* RoutineParam.swift */; };
		FF9AFE7726D0D20000998E5F /* EqualizerVC.swift in Sources */ = {isa = PBXBuildFile; fileRef = FF9AFE7626D0D20000998E5F /* EqualizerVC.swift */; };
		FF9D058B268B37F20087E6BF /* CategoryRoutineViewController.swift in Sources */ = {isa = PBXBuildFile; fileRef = FF9D058A268B37F20087E6BF /* CategoryRoutineViewController.swift */; };
		FFB0708F26860A9B00A9DB58 /* FrostyTabBar.swift in Sources */ = {isa = PBXBuildFile; fileRef = FFB0708E26860A9B00A9DB58 /* FrostyTabBar.swift */; };
		FFC76AA726859D7400A76C59 /* HomeViewController.swift in Sources */ = {isa = PBXBuildFile; fileRef = FFC76AA626859D7400A76C59 /* HomeViewController.swift */; };
		FFC76AB426859E4400A76C59 /* ForYouCell.swift in Sources */ = {isa = PBXBuildFile; fileRef = FFC76AAE26859E4300A76C59 /* ForYouCell.swift */; };
		FFC76AB526859E4400A76C59 /* FeatureCell.swift in Sources */ = {isa = PBXBuildFile; fileRef = FFC76AAF26859E4300A76C59 /* FeatureCell.swift */; };
		FFC76AB626859E4400A76C59 /* DiscoverCell.swift in Sources */ = {isa = PBXBuildFile; fileRef = FFC76AB026859E4300A76C59 /* DiscoverCell.swift */; };
		FFC76AB726859E4400A76C59 /* ForYouCell.xib in Resources */ = {isa = PBXBuildFile; fileRef = FFC76AB126859E4300A76C59 /* ForYouCell.xib */; };
		FFC76AB826859E4400A76C59 /* DiscoverCell.xib in Resources */ = {isa = PBXBuildFile; fileRef = FFC76AB226859E4300A76C59 /* DiscoverCell.xib */; };
		FFC76AB926859E4400A76C59 /* FeatureCell.xib in Resources */ = {isa = PBXBuildFile; fileRef = FFC76AB326859E4300A76C59 /* FeatureCell.xib */; };
		FFCD669126AB18E400A0878F /* CreateSegmentVC.swift in Sources */ = {isa = PBXBuildFile; fileRef = FFCD669026AB18E400A0878F /* CreateSegmentVC.swift */; };
		FFD830AF26B983BD00EA1AA3 /* AnsQueCell.xib in Resources */ = {isa = PBXBuildFile; fileRef = FFD830A826B983BD00EA1AA3 /* AnsQueCell.xib */; };
		FFD830B026B983BD00EA1AA3 /* AnsQueCell.swift in Sources */ = {isa = PBXBuildFile; fileRef = FFD830A926B983BD00EA1AA3 /* AnsQueCell.swift */; };
		FFD830B126B983BD00EA1AA3 /* MyPreferenceVC.swift in Sources */ = {isa = PBXBuildFile; fileRef = FFD830AA26B983BD00EA1AA3 /* MyPreferenceVC.swift */; };
		FFD830B226B983BD00EA1AA3 /* AnsQueListViewController.swift in Sources */ = {isa = PBXBuildFile; fileRef = FFD830AB26B983BD00EA1AA3 /* AnsQueListViewController.swift */; };
		FFD830B326B983BD00EA1AA3 /* UpdateProfileViewController.swift in Sources */ = {isa = PBXBuildFile; fileRef = FFD830AD26B983BD00EA1AA3 /* UpdateProfileViewController.swift */; };
		FFD830B426B983BD00EA1AA3 /* MyProfileViewController.swift in Sources */ = {isa = PBXBuildFile; fileRef = FFD830AE26B983BD00EA1AA3 /* MyProfileViewController.swift */; };
		FFD830B726B9875B00EA1AA3 /* CalibrationViewController.swift in Sources */ = {isa = PBXBuildFile; fileRef = FFD830B626B9875B00EA1AA3 /* CalibrationViewController.swift */; };
		FFDA7634268B486500FDE3D5 /* RoutineCatCell.swift in Sources */ = {isa = PBXBuildFile; fileRef = FFDA7632268B486500FDE3D5 /* RoutineCatCell.swift */; };
		FFDA7635268B486500FDE3D5 /* RoutineCatCell.xib in Resources */ = {isa = PBXBuildFile; fileRef = FFDA7633268B486500FDE3D5 /* RoutineCatCell.xib */; };
		FFDA7637268B668900FDE3D5 /* RoutineDetailViewController.swift in Sources */ = {isa = PBXBuildFile; fileRef = FFDA7636268B668900FDE3D5 /* RoutineDetailViewController.swift */; };
		FFDA763B268B6CFA00FDE3D5 /* RoutineDetailCell.swift in Sources */ = {isa = PBXBuildFile; fileRef = FFDA7639268B6CFA00FDE3D5 /* RoutineDetailCell.swift */; };
		FFDA763C268B6CFA00FDE3D5 /* RoutineDetailCell.xib in Resources */ = {isa = PBXBuildFile; fileRef = FFDA763A268B6CFA00FDE3D5 /* RoutineDetailCell.xib */; };
		FFEC00B52695ABD300097D07 /* MenuListVC.swift in Sources */ = {isa = PBXBuildFile; fileRef = FFEC00B42695ABD300097D07 /* MenuListVC.swift */; };
		FFEC00B92695D33D00097D07 /* MenuListCell.swift in Sources */ = {isa = PBXBuildFile; fileRef = FFEC00B72695D33D00097D07 /* MenuListCell.swift */; };
		FFEC00BA2695D33D00097D07 /* MenuListCell.xib in Resources */ = {isa = PBXBuildFile; fileRef = FFEC00B82695D33D00097D07 /* MenuListCell.xib */; };
		FFF1A51026B0490500A1B8A2 /* SignUpViewController.swift in Sources */ = {isa = PBXBuildFile; fileRef = FFF1A50D26B0490500A1B8A2 /* SignUpViewController.swift */; };
		FFF1A51126B0490500A1B8A2 /* ForgotPasswordViewController.swift in Sources */ = {isa = PBXBuildFile; fileRef = FFF1A50E26B0490500A1B8A2 /* ForgotPasswordViewController.swift */; };
		FFF1A51226B0490500A1B8A2 /* LoginViewController.swift in Sources */ = {isa = PBXBuildFile; fileRef = FFF1A50F26B0490500A1B8A2 /* LoginViewController.swift */; };
/* End PBXBuildFile section */

/* Begin PBXFileReference section */
		18E7BFB926A866BD0025D514 /* RoutineParam.xib */ = {isa = PBXFileReference; fileEncoding = 4; lastKnownFileType = file.xib; path = RoutineParam.xib; sourceTree = "<group>"; };
		4FE5770241B38B4D6DD47EA6 /* Pods-MassageRobot.debug.xcconfig */ = {isa = PBXFileReference; includeInIndex = 1; lastKnownFileType = text.xcconfig; name = "Pods-MassageRobot.debug.xcconfig"; path = "Target Support Files/Pods-MassageRobot/Pods-MassageRobot.debug.xcconfig"; sourceTree = "<group>"; };
		761B63F22739002F0025F322 /* SegmentCreate.swift */ = {isa = PBXFileReference; lastKnownFileType = sourcecode.swift; path = SegmentCreate.swift; sourceTree = "<group>"; };
		761B63F32739002F0025F322 /* SegmentCreate.xib */ = {isa = PBXFileReference; lastKnownFileType = file.xib; path = SegmentCreate.xib; sourceTree = "<group>"; };
		764C0948272FDE6E000F540E /* NewRoutine.xib */ = {isa = PBXFileReference; lastKnownFileType = file.xib; path = NewRoutine.xib; sourceTree = "<group>"; };
		764C094B272FDE9B000F540E /* NewRoutinView.swift */ = {isa = PBXFileReference; lastKnownFileType = sourcecode.swift; path = NewRoutinView.swift; sourceTree = "<group>"; };
		764C0951272FEA09000F540E /* NewCreateSegmentVC.swift */ = {isa = PBXFileReference; lastKnownFileType = sourcecode.swift; path = NewCreateSegmentVC.swift; sourceTree = "<group>"; };
		765B020F26FC5F7600EFF7AB /* NewHomeVC.swift */ = {isa = PBXFileReference; lastKnownFileType = sourcecode.swift; path = NewHomeVC.swift; sourceTree = "<group>"; };
		766E7A86274676B700B1D5B7 /* SearchFilterVC.swift */ = {isa = PBXFileReference; lastKnownFileType = sourcecode.swift; path = SearchFilterVC.swift; sourceTree = "<group>"; };
		768F9B0D26FD929100381894 /* PDFViewVC.swift */ = {isa = PBXFileReference; fileEncoding = 4; lastKnownFileType = sourcecode.swift; path = PDFViewVC.swift; sourceTree = "<group>"; };
		BE5EC1757D44B6A666C3E760 /* Pods_MassageRobot.framework */ = {isa = PBXFileReference; explicitFileType = wrapper.framework; includeInIndex = 0; path = Pods_MassageRobot.framework; sourceTree = BUILT_PRODUCTS_DIR; };
		CFC6FD6127562F7900BECB6A /* SearchDataVC.swift */ = {isa = PBXFileReference; lastKnownFileType = sourcecode.swift; path = SearchDataVC.swift; sourceTree = "<group>"; };
		EC95C85BD355C123C7E50F99 /* Pods-MassageRobot.release.xcconfig */ = {isa = PBXFileReference; includeInIndex = 1; lastKnownFileType = text.xcconfig; name = "Pods-MassageRobot.release.xcconfig"; path = "Target Support Files/Pods-MassageRobot/Pods-MassageRobot.release.xcconfig"; sourceTree = "<group>"; };
		FF00D53B26AE730F00B440F4 /* SegmentPlayCell.swift */ = {isa = PBXFileReference; lastKnownFileType = sourcecode.swift; path = SegmentPlayCell.swift; sourceTree = "<group>"; };
		FF00D53C26AE730F00B440F4 /* SegmentPlayCell.xib */ = {isa = PBXFileReference; lastKnownFileType = file.xib; path = SegmentPlayCell.xib; sourceTree = "<group>"; };
		FF1563542681002E008BB56E /* CreateToutine.storyboard */ = {isa = PBXFileReference; lastKnownFileType = file.storyboard; path = CreateToutine.storyboard; sourceTree = "<group>"; };
		FF15635626810046008BB56E /* Search.storyboard */ = {isa = PBXFileReference; lastKnownFileType = file.storyboard; path = Search.storyboard; sourceTree = "<group>"; };
		FF15635826810050008BB56E /* Info.storyboard */ = {isa = PBXFileReference; lastKnownFileType = file.storyboard; path = Info.storyboard; sourceTree = "<group>"; };
		FF15635A2681005B008BB56E /* Notification.storyboard */ = {isa = PBXFileReference; lastKnownFileType = file.storyboard; path = Notification.storyboard; sourceTree = "<group>"; };
		FF15635C26810064008BB56E /* Menu.storyboard */ = {isa = PBXFileReference; lastKnownFileType = file.storyboard; path = Menu.storyboard; sourceTree = "<group>"; };
		FF156362268102DC008BB56E /* TabViewController.swift */ = {isa = PBXFileReference; fileEncoding = 4; lastKnownFileType = sourcecode.swift; path = TabViewController.swift; sourceTree = "<group>"; };
		FF15638426810689008BB56E /* CustomDelegate.swift */ = {isa = PBXFileReference; fileEncoding = 4; lastKnownFileType = sourcecode.swift; path = CustomDelegate.swift; sourceTree = "<group>"; };
		FF15638826810707008BB56E /* UnderlineTextField.swift */ = {isa = PBXFileReference; fileEncoding = 4; lastKnownFileType = sourcecode.swift; path = UnderlineTextField.swift; sourceTree = "<group>"; };
		FF15638926810707008BB56E /* JSONParser.swift */ = {isa = PBXFileReference; fileEncoding = 4; lastKnownFileType = sourcecode.swift; path = JSONParser.swift; sourceTree = "<group>"; };
		FF15638A26810707008BB56E /* UIApplication+extention.swift */ = {isa = PBXFileReference; fileEncoding = 4; lastKnownFileType = sourcecode.swift; path = "UIApplication+extention.swift"; sourceTree = "<group>"; };
		FF15638B26810707008BB56E /* SharedFunctions.swift */ = {isa = PBXFileReference; fileEncoding = 4; lastKnownFileType = sourcecode.swift; path = SharedFunctions.swift; sourceTree = "<group>"; };
		FF15638C26810707008BB56E /* Extenstion.swift */ = {isa = PBXFileReference; fileEncoding = 4; lastKnownFileType = sourcecode.swift; path = Extenstion.swift; sourceTree = "<group>"; };
		FF15638D26810707008BB56E /* Constant.swift */ = {isa = PBXFileReference; fileEncoding = 4; lastKnownFileType = sourcecode.swift; path = Constant.swift; sourceTree = "<group>"; };
		FF15638F26810707008BB56E /* LoginModel.swift */ = {isa = PBXFileReference; fileEncoding = 4; lastKnownFileType = sourcecode.swift; path = LoginModel.swift; sourceTree = "<group>"; };
		FF15639126810707008BB56E /* PlainHorizontalProgressBar.swift */ = {isa = PBXFileReference; fileEncoding = 4; lastKnownFileType = sourcecode.swift; path = PlainHorizontalProgressBar.swift; sourceTree = "<group>"; };
		FF15639226810707008BB56E /* RotatingCircularGradientProgressBar.swift */ = {isa = PBXFileReference; fileEncoding = 4; lastKnownFileType = sourcecode.swift; path = RotatingCircularGradientProgressBar.swift; sourceTree = "<group>"; };
		FF15639326810707008BB56E /* GradientHorizontalProgressBar.swift */ = {isa = PBXFileReference; fileEncoding = 4; lastKnownFileType = sourcecode.swift; path = GradientHorizontalProgressBar.swift; sourceTree = "<group>"; };
		FF15639426810707008BB56E /* GradientCircularProgressBar.swift */ = {isa = PBXFileReference; fileEncoding = 4; lastKnownFileType = sourcecode.swift; path = GradientCircularProgressBar.swift; sourceTree = "<group>"; };
		FF15639526810707008BB56E /* PlainCircularProgressBar.swift */ = {isa = PBXFileReference; fileEncoding = 4; lastKnownFileType = sourcecode.swift; path = PlainCircularProgressBar.swift; sourceTree = "<group>"; };
		FF15639626810707008BB56E /* TriangleView.swift */ = {isa = PBXFileReference; fileEncoding = 4; lastKnownFileType = sourcecode.swift; path = TriangleView.swift; sourceTree = "<group>"; };
		FF15639726810707008BB56E /* helper.swift */ = {isa = PBXFileReference; fileEncoding = 4; lastKnownFileType = sourcecode.swift; path = helper.swift; sourceTree = "<group>"; };
		FF15639826810707008BB56E /* FilledColorView.swift */ = {isa = PBXFileReference; fileEncoding = 4; lastKnownFileType = sourcecode.swift; path = FilledColorView.swift; sourceTree = "<group>"; };
		FF1563A8268109C0008BB56E /* Lato-ThinItalic.ttf */ = {isa = PBXFileReference; lastKnownFileType = file; path = "Lato-ThinItalic.ttf"; sourceTree = "<group>"; };
		FF1563A9268109C0008BB56E /* Lato-Black.ttf */ = {isa = PBXFileReference; lastKnownFileType = file; path = "Lato-Black.ttf"; sourceTree = "<group>"; };
		FF1563AA268109C0008BB56E /* Lato-Thin.ttf */ = {isa = PBXFileReference; lastKnownFileType = file; path = "Lato-Thin.ttf"; sourceTree = "<group>"; };
		FF1563AB268109C0008BB56E /* OFL.txt */ = {isa = PBXFileReference; fileEncoding = 4; lastKnownFileType = text; path = OFL.txt; sourceTree = "<group>"; };
		FF1563AC268109C0008BB56E /* Lato-Light.ttf */ = {isa = PBXFileReference; lastKnownFileType = file; path = "Lato-Light.ttf"; sourceTree = "<group>"; };
		FF1563AD268109C0008BB56E /* Lato-BlackItalic.ttf */ = {isa = PBXFileReference; lastKnownFileType = file; path = "Lato-BlackItalic.ttf"; sourceTree = "<group>"; };
		FF1563AE268109C0008BB56E /* Lato-LightItalic.ttf */ = {isa = PBXFileReference; lastKnownFileType = file; path = "Lato-LightItalic.ttf"; sourceTree = "<group>"; };
		FF1563AF268109C0008BB56E /* Lato-Bold.ttf */ = {isa = PBXFileReference; lastKnownFileType = file; path = "Lato-Bold.ttf"; sourceTree = "<group>"; };
		FF1563B0268109C0008BB56E /* Lato-BoldItalic.ttf */ = {isa = PBXFileReference; lastKnownFileType = file; path = "Lato-BoldItalic.ttf"; sourceTree = "<group>"; };
		FF1563B1268109C0008BB56E /* Lato-Italic.ttf */ = {isa = PBXFileReference; lastKnownFileType = file; path = "Lato-Italic.ttf"; sourceTree = "<group>"; };
		FF1563B2268109C0008BB56E /* Lato-Regular.ttf */ = {isa = PBXFileReference; lastKnownFileType = file; path = "Lato-Regular.ttf"; sourceTree = "<group>"; };
		FF1563BE26811A6A008BB56E /* CreateRoutineViewController.swift */ = {isa = PBXFileReference; lastKnownFileType = sourcecode.swift; path = CreateRoutineViewController.swift; sourceTree = "<group>"; };
		FF161F1626AC49660001D693 /* GoogleService-Info.plist */ = {isa = PBXFileReference; fileEncoding = 4; lastKnownFileType = text.plist.xml; path = "GoogleService-Info.plist"; sourceTree = "<group>"; };
		FF31760F26A6CB9E005794FA /* RoutineDetailDisplayVC.swift */ = {isa = PBXFileReference; lastKnownFileType = sourcecode.swift; path = RoutineDetailDisplayVC.swift; sourceTree = "<group>"; };
		FF32317F26CBD76E00E2514A /* SortingVC.swift */ = {isa = PBXFileReference; lastKnownFileType = sourcecode.swift; path = SortingVC.swift; sourceTree = "<group>"; };
		FF3DC8E826AD4B6000143F8D /* SegmentPlayVC.swift */ = {isa = PBXFileReference; lastKnownFileType = sourcecode.swift; path = SegmentPlayVC.swift; sourceTree = "<group>"; };
		FF52EA752680DA7900193EA1 /* MassageRobot.app */ = {isa = PBXFileReference; explicitFileType = wrapper.application; includeInIndex = 0; path = MassageRobot.app; sourceTree = BUILT_PRODUCTS_DIR; };
		FF52EA782680DA7900193EA1 /* AppDelegate.swift */ = {isa = PBXFileReference; lastKnownFileType = sourcecode.swift; path = AppDelegate.swift; sourceTree = "<group>"; };
		FF52EA7F2680DA7900193EA1 /* Base */ = {isa = PBXFileReference; lastKnownFileType = file.storyboard; name = Base; path = Base.lproj/Main.storyboard; sourceTree = "<group>"; };
		FF52EA822680DA7900193EA1 /* MassageRobot.xcdatamodel */ = {isa = PBXFileReference; lastKnownFileType = wrapper.xcdatamodel; path = MassageRobot.xcdatamodel; sourceTree = "<group>"; };
		FF52EA842680DA7900193EA1 /* Assets.xcassets */ = {isa = PBXFileReference; lastKnownFileType = folder.assetcatalog; path = Assets.xcassets; sourceTree = "<group>"; };
		FF52EA872680DA7900193EA1 /* Base */ = {isa = PBXFileReference; lastKnownFileType = file.storyboard; name = Base; path = Base.lproj/LaunchScreen.storyboard; sourceTree = "<group>"; };
		FF52EA892680DA7900193EA1 /* Info.plist */ = {isa = PBXFileReference; lastKnownFileType = text.plist.xml; path = Info.plist; sourceTree = "<group>"; };
		FF80202E26AC5A2100F12CC6 /* RoutineParam.swift */ = {isa = PBXFileReference; fileEncoding = 4; lastKnownFileType = sourcecode.swift; path = RoutineParam.swift; sourceTree = "<group>"; };
		FF9AFE7626D0D20000998E5F /* EqualizerVC.swift */ = {isa = PBXFileReference; lastKnownFileType = sourcecode.swift; path = EqualizerVC.swift; sourceTree = "<group>"; };
		FF9D058A268B37F20087E6BF /* CategoryRoutineViewController.swift */ = {isa = PBXFileReference; lastKnownFileType = sourcecode.swift; path = CategoryRoutineViewController.swift; sourceTree = "<group>"; };
		FFB0708E26860A9B00A9DB58 /* FrostyTabBar.swift */ = {isa = PBXFileReference; fileEncoding = 4; lastKnownFileType = sourcecode.swift; path = FrostyTabBar.swift; sourceTree = "<group>"; };
		FFC76AA626859D7400A76C59 /* HomeViewController.swift */ = {isa = PBXFileReference; fileEncoding = 4; lastKnownFileType = sourcecode.swift; path = HomeViewController.swift; sourceTree = "<group>"; };
		FFC76AAE26859E4300A76C59 /* ForYouCell.swift */ = {isa = PBXFileReference; fileEncoding = 4; lastKnownFileType = sourcecode.swift; path = ForYouCell.swift; sourceTree = "<group>"; };
		FFC76AAF26859E4300A76C59 /* FeatureCell.swift */ = {isa = PBXFileReference; fileEncoding = 4; lastKnownFileType = sourcecode.swift; path = FeatureCell.swift; sourceTree = "<group>"; };
		FFC76AB026859E4300A76C59 /* DiscoverCell.swift */ = {isa = PBXFileReference; fileEncoding = 4; lastKnownFileType = sourcecode.swift; path = DiscoverCell.swift; sourceTree = "<group>"; };
		FFC76AB126859E4300A76C59 /* ForYouCell.xib */ = {isa = PBXFileReference; fileEncoding = 4; lastKnownFileType = file.xib; path = ForYouCell.xib; sourceTree = "<group>"; };
		FFC76AB226859E4300A76C59 /* DiscoverCell.xib */ = {isa = PBXFileReference; fileEncoding = 4; lastKnownFileType = file.xib; path = DiscoverCell.xib; sourceTree = "<group>"; };
		FFC76AB326859E4300A76C59 /* FeatureCell.xib */ = {isa = PBXFileReference; fileEncoding = 4; lastKnownFileType = file.xib; path = FeatureCell.xib; sourceTree = "<group>"; };
		FFCD669026AB18E400A0878F /* CreateSegmentVC.swift */ = {isa = PBXFileReference; fileEncoding = 4; lastKnownFileType = sourcecode.swift; path = CreateSegmentVC.swift; sourceTree = "<group>"; };
		FFD830A826B983BD00EA1AA3 /* AnsQueCell.xib */ = {isa = PBXFileReference; fileEncoding = 4; lastKnownFileType = file.xib; path = AnsQueCell.xib; sourceTree = "<group>"; };
		FFD830A926B983BD00EA1AA3 /* AnsQueCell.swift */ = {isa = PBXFileReference; fileEncoding = 4; lastKnownFileType = sourcecode.swift; path = AnsQueCell.swift; sourceTree = "<group>"; };
		FFD830AA26B983BD00EA1AA3 /* MyPreferenceVC.swift */ = {isa = PBXFileReference; fileEncoding = 4; lastKnownFileType = sourcecode.swift; path = MyPreferenceVC.swift; sourceTree = "<group>"; };
		FFD830AB26B983BD00EA1AA3 /* AnsQueListViewController.swift */ = {isa = PBXFileReference; fileEncoding = 4; lastKnownFileType = sourcecode.swift; path = AnsQueListViewController.swift; sourceTree = "<group>"; };
		FFD830AD26B983BD00EA1AA3 /* UpdateProfileViewController.swift */ = {isa = PBXFileReference; fileEncoding = 4; lastKnownFileType = sourcecode.swift; path = UpdateProfileViewController.swift; sourceTree = "<group>"; };
		FFD830AE26B983BD00EA1AA3 /* MyProfileViewController.swift */ = {isa = PBXFileReference; fileEncoding = 4; lastKnownFileType = sourcecode.swift; path = MyProfileViewController.swift; sourceTree = "<group>"; };
		FFD830B626B9875B00EA1AA3 /* CalibrationViewController.swift */ = {isa = PBXFileReference; fileEncoding = 4; lastKnownFileType = sourcecode.swift; path = CalibrationViewController.swift; sourceTree = "<group>"; };
		FFDA7632268B486500FDE3D5 /* RoutineCatCell.swift */ = {isa = PBXFileReference; lastKnownFileType = sourcecode.swift; path = RoutineCatCell.swift; sourceTree = "<group>"; };
		FFDA7633268B486500FDE3D5 /* RoutineCatCell.xib */ = {isa = PBXFileReference; lastKnownFileType = file.xib; path = RoutineCatCell.xib; sourceTree = "<group>"; };
		FFDA7636268B668900FDE3D5 /* RoutineDetailViewController.swift */ = {isa = PBXFileReference; lastKnownFileType = sourcecode.swift; path = RoutineDetailViewController.swift; sourceTree = "<group>"; };
		FFDA7639268B6CFA00FDE3D5 /* RoutineDetailCell.swift */ = {isa = PBXFileReference; lastKnownFileType = sourcecode.swift; path = RoutineDetailCell.swift; sourceTree = "<group>"; };
		FFDA763A268B6CFA00FDE3D5 /* RoutineDetailCell.xib */ = {isa = PBXFileReference; lastKnownFileType = file.xib; path = RoutineDetailCell.xib; sourceTree = "<group>"; };
		FFEC00B42695ABD300097D07 /* MenuListVC.swift */ = {isa = PBXFileReference; lastKnownFileType = sourcecode.swift; path = MenuListVC.swift; sourceTree = "<group>"; };
		FFEC00B72695D33D00097D07 /* MenuListCell.swift */ = {isa = PBXFileReference; lastKnownFileType = sourcecode.swift; path = MenuListCell.swift; sourceTree = "<group>"; };
		FFEC00B82695D33D00097D07 /* MenuListCell.xib */ = {isa = PBXFileReference; lastKnownFileType = file.xib; path = MenuListCell.xib; sourceTree = "<group>"; };
		FFF1A50D26B0490500A1B8A2 /* SignUpViewController.swift */ = {isa = PBXFileReference; fileEncoding = 4; lastKnownFileType = sourcecode.swift; path = SignUpViewController.swift; sourceTree = "<group>"; };
		FFF1A50E26B0490500A1B8A2 /* ForgotPasswordViewController.swift */ = {isa = PBXFileReference; fileEncoding = 4; lastKnownFileType = sourcecode.swift; path = ForgotPasswordViewController.swift; sourceTree = "<group>"; };
		FFF1A50F26B0490500A1B8A2 /* LoginViewController.swift */ = {isa = PBXFileReference; fileEncoding = 4; lastKnownFileType = sourcecode.swift; path = LoginViewController.swift; sourceTree = "<group>"; };
/* End PBXFileReference section */

/* Begin PBXFrameworksBuildPhase section */
		FF52EA722680DA7900193EA1 /* Frameworks */ = {
			isa = PBXFrameworksBuildPhase;
			buildActionMask = 2147483647;
			files = (
				86F3322C3FD2C35421C5D74B /* Pods_MassageRobot.framework in Frameworks */,
			);
			runOnlyForDeploymentPostprocessing = 0;
		};
/* End PBXFrameworksBuildPhase section */

/* Begin PBXGroup section */
		766E7A7D2746755D00B1D5B7 /* SearchTab */ = {
			isa = PBXGroup;
			children = (
			);
			path = SearchTab;
			sourceTree = "<group>";
		};
		766E7A832746767600B1D5B7 /* SearchControllerTAp */ = {
			isa = PBXGroup;
			children = (
				766E7A86274676B700B1D5B7 /* SearchFilterVC.swift */,
				CFC6FD6127562F7900BECB6A /* SearchDataVC.swift */,
			);
			path = SearchControllerTAp;
			sourceTree = "<group>";
		};
		8228AFB0E3766E20BE59CAB3 /* Pods */ = {
			isa = PBXGroup;
			children = (
				4FE5770241B38B4D6DD47EA6 /* Pods-MassageRobot.debug.xcconfig */,
				EC95C85BD355C123C7E50F99 /* Pods-MassageRobot.release.xcconfig */,
			);
			path = Pods;
			sourceTree = "<group>";
		};
		E07CFAA414AC53D2713593F3 /* Frameworks */ = {
			isa = PBXGroup;
			children = (
				BE5EC1757D44B6A666C3E760 /* Pods_MassageRobot.framework */,
			);
			name = Frameworks;
			sourceTree = "<group>";
		};
		FF00D53626AE71F400B440F4 /* SegmentPlayCell */ = {
			isa = PBXGroup;
			children = (
				FF00D53B26AE730F00B440F4 /* SegmentPlayCell.swift */,
				FF00D53C26AE730F00B440F4 /* SegmentPlayCell.xib */,
			);
			path = SegmentPlayCell;
			sourceTree = "<group>";
		};
		FF1563532680FFF2008BB56E /* VIew */ = {
			isa = PBXGroup;
			children = (
				FF52EA7E2680DA7900193EA1 /* Main.storyboard */,
				FF1563542681002E008BB56E /* CreateToutine.storyboard */,
				764C0948272FDE6E000F540E /* NewRoutine.xib */,
				FF15635626810046008BB56E /* Search.storyboard */,
				FF15635826810050008BB56E /* Info.storyboard */,
				18E7BFB926A866BD0025D514 /* RoutineParam.xib */,
				FF15635A2681005B008BB56E /* Notification.storyboard */,
				FF15635C26810064008BB56E /* Menu.storyboard */,
				764C094B272FDE9B000F540E /* NewRoutinView.swift */,
				761B63F22739002F0025F322 /* SegmentCreate.swift */,
				761B63F32739002F0025F322 /* SegmentCreate.xib */,
			);
			path = VIew;
			sourceTree = "<group>";
		};
		FF15635E2681028D008BB56E /* Controller */ = {
			isa = PBXGroup;
			children = (
				766E7A832746767600B1D5B7 /* SearchControllerTAp */,
				766E7A7D2746755D00B1D5B7 /* SearchTab */,
				FFF1A50C26B0490500A1B8A2 /* LoginRegisterView */,
				FF156361268102C9008BB56E /* TabBarVIew */,
				FFC76AA826859D8E00A76C59 /* ViewControllerCell */,
				FFC76AA526859D7400A76C59 /* HomeTab */,
				FFC76AA126859D7300A76C59 /* InfoTab */,
				FFC76AA326859D7400A76C59 /* MoreTab */,
				FFC76AA426859D7400A76C59 /* NotificationTab */,
				FF1563BE26811A6A008BB56E /* CreateRoutineViewController.swift */,
			);
			path = Controller;
			sourceTree = "<group>";
		};
		FF156361268102C9008BB56E /* TabBarVIew */ = {
			isa = PBXGroup;
			children = (
				FF156362268102DC008BB56E /* TabViewController.swift */,
				FFB0708E26860A9B00A9DB58 /* FrostyTabBar.swift */,
			);
			path = TabBarVIew;
			sourceTree = "<group>";
		};
		FF15636A268105C2008BB56E /* Resurces */ = {
			isa = PBXGroup;
			children = (
				FF15636B268105C2008BB56E /* font */,
			);
			path = Resurces;
			sourceTree = "<group>";
		};
		FF15636B268105C2008BB56E /* font */ = {
			isa = PBXGroup;
			children = (
				FF1563A9268109C0008BB56E /* Lato-Black.ttf */,
				FF1563AD268109C0008BB56E /* Lato-BlackItalic.ttf */,
				FF1563AF268109C0008BB56E /* Lato-Bold.ttf */,
				FF1563B0268109C0008BB56E /* Lato-BoldItalic.ttf */,
				FF1563B1268109C0008BB56E /* Lato-Italic.ttf */,
				FF1563AC268109C0008BB56E /* Lato-Light.ttf */,
				FF1563AE268109C0008BB56E /* Lato-LightItalic.ttf */,
				FF1563B2268109C0008BB56E /* Lato-Regular.ttf */,
				FF1563AA268109C0008BB56E /* Lato-Thin.ttf */,
				FF1563A8268109C0008BB56E /* Lato-ThinItalic.ttf */,
				FF1563AB268109C0008BB56E /* OFL.txt */,
			);
			path = font;
			sourceTree = "<group>";
		};
		FF156387268106F3008BB56E /* Model */ = {
			isa = PBXGroup;
			children = (
				FF15639026810707008BB56E /* Bars */,
				FF15638E26810707008BB56E /* Login */,
				FF15638D26810707008BB56E /* Constant.swift */,
				FF15638C26810707008BB56E /* Extenstion.swift */,
				FF15639826810707008BB56E /* FilledColorView.swift */,
				FF15639726810707008BB56E /* helper.swift */,
				FF15638926810707008BB56E /* JSONParser.swift */,
				FF15638B26810707008BB56E /* SharedFunctions.swift */,
				FF15639626810707008BB56E /* TriangleView.swift */,
				FF15638A26810707008BB56E /* UIApplication+extention.swift */,
				FF15638826810707008BB56E /* UnderlineTextField.swift */,
			);
			path = Model;
			sourceTree = "<group>";
		};
		FF15638E26810707008BB56E /* Login */ = {
			isa = PBXGroup;
			children = (
				FF15638F26810707008BB56E /* LoginModel.swift */,
			);
			path = Login;
			sourceTree = "<group>";
		};
		FF15639026810707008BB56E /* Bars */ = {
			isa = PBXGroup;
			children = (
				FF15639126810707008BB56E /* PlainHorizontalProgressBar.swift */,
				FF15639226810707008BB56E /* RotatingCircularGradientProgressBar.swift */,
				FF15639326810707008BB56E /* GradientHorizontalProgressBar.swift */,
				FF15639426810707008BB56E /* GradientCircularProgressBar.swift */,
				FF15639526810707008BB56E /* PlainCircularProgressBar.swift */,
			);
			path = Bars;
			sourceTree = "<group>";
		};
		FF52EA6C2680DA7900193EA1 = {
			isa = PBXGroup;
			children = (
				FF52EA772680DA7900193EA1 /* MassageRobot */,
				FF52EA762680DA7900193EA1 /* Products */,
				8228AFB0E3766E20BE59CAB3 /* Pods */,
				E07CFAA414AC53D2713593F3 /* Frameworks */,
			);
			sourceTree = "<group>";
		};
		FF52EA762680DA7900193EA1 /* Products */ = {
			isa = PBXGroup;
			children = (
				FF52EA752680DA7900193EA1 /* MassageRobot.app */,
			);
			name = Products;
			sourceTree = "<group>";
		};
		FF52EA772680DA7900193EA1 /* MassageRobot */ = {
			isa = PBXGroup;
			children = (
				FF52EA782680DA7900193EA1 /* AppDelegate.swift */,
				FF15638426810689008BB56E /* CustomDelegate.swift */,
				FF156387268106F3008BB56E /* Model */,
				FF15636A268105C2008BB56E /* Resurces */,
				FF15635E2681028D008BB56E /* Controller */,
				FF1563532680FFF2008BB56E /* VIew */,
				FF52EA842680DA7900193EA1 /* Assets.xcassets */,
				FF52EA862680DA7900193EA1 /* LaunchScreen.storyboard */,
				FF52EA892680DA7900193EA1 /* Info.plist */,
				FF161F1626AC49660001D693 /* GoogleService-Info.plist */,
				FF52EA812680DA7900193EA1 /* MassageRobot.xcdatamodeld */,
			);
			path = MassageRobot;
			sourceTree = "<group>";
		};
		FFC76AA126859D7300A76C59 /* InfoTab */ = {
			isa = PBXGroup;
			children = (
			);
			path = InfoTab;
			sourceTree = "<group>";
		};
		FFC76AA326859D7400A76C59 /* MoreTab */ = {
			isa = PBXGroup;
			children = (
				FFEC00B42695ABD300097D07 /* MenuListVC.swift */,
				FFD830AC26B983BD00EA1AA3 /* MyProfileVC */,
				FFD830A726B983BD00EA1AA3 /* MyPreferenceVC */,
				FFD830B526B9875B00EA1AA3 /* CalibrationVC */,
			);
			path = MoreTab;
			sourceTree = "<group>";
		};
		FFC76AA426859D7400A76C59 /* NotificationTab */ = {
			isa = PBXGroup;
			children = (
			);
			path = NotificationTab;
			sourceTree = "<group>";
		};
		FFC76AA526859D7400A76C59 /* HomeTab */ = {
			isa = PBXGroup;
			children = (
				FFC76AA626859D7400A76C59 /* HomeViewController.swift */,
				765B020F26FC5F7600EFF7AB /* NewHomeVC.swift */,
				FF9D058A268B37F20087E6BF /* CategoryRoutineViewController.swift */,
				FF32317F26CBD76E00E2514A /* SortingVC.swift */,
				FFDA7636268B668900FDE3D5 /* RoutineDetailViewController.swift */,
				FF31760F26A6CB9E005794FA /* RoutineDetailDisplayVC.swift */,
				FFCD669026AB18E400A0878F /* CreateSegmentVC.swift */,
				FF80202E26AC5A2100F12CC6 /* RoutineParam.swift */,
				FF3DC8E826AD4B6000143F8D /* SegmentPlayVC.swift */,
				FF9AFE7626D0D20000998E5F /* EqualizerVC.swift */,
				768F9B0D26FD929100381894 /* PDFViewVC.swift */,
				764C0951272FEA09000F540E /* NewCreateSegmentVC.swift */,
			);
			path = HomeTab;
			sourceTree = "<group>";
		};
		FFC76AA826859D8E00A76C59 /* ViewControllerCell */ = {
			isa = PBXGroup;
			children = (
				FF00D53626AE71F400B440F4 /* SegmentPlayCell */,
				FFC76AA926859DA800A76C59 /* RoutineCell */,
				FFDA7631268B483700FDE3D5 /* CategoryRoutineCell */,
				FFDA7638268B6CD200FDE3D5 /* RoutineDetailCell */,
				FFEC00BB2695D34200097D07 /* MenuCell */,
			);
			path = ViewControllerCell;
			sourceTree = "<group>";
		};
		FFC76AA926859DA800A76C59 /* RoutineCell */ = {
			isa = PBXGroup;
			children = (
				FFC76AAE26859E4300A76C59 /* ForYouCell.swift */,
				FFC76AB126859E4300A76C59 /* ForYouCell.xib */,
				FFC76AB026859E4300A76C59 /* DiscoverCell.swift */,
				FFC76AB226859E4300A76C59 /* DiscoverCell.xib */,
				FFC76AAF26859E4300A76C59 /* FeatureCell.swift */,
				FFC76AB326859E4300A76C59 /* FeatureCell.xib */,
			);
			path = RoutineCell;
			sourceTree = "<group>";
		};
		FFD830A726B983BD00EA1AA3 /* MyPreferenceVC */ = {
			isa = PBXGroup;
			children = (
				FFD830AA26B983BD00EA1AA3 /* MyPreferenceVC.swift */,
				FFD830AB26B983BD00EA1AA3 /* AnsQueListViewController.swift */,
				FFD830A926B983BD00EA1AA3 /* AnsQueCell.swift */,
				FFD830A826B983BD00EA1AA3 /* AnsQueCell.xib */,
			);
			path = MyPreferenceVC;
			sourceTree = "<group>";
		};
		FFD830AC26B983BD00EA1AA3 /* MyProfileVC */ = {
			isa = PBXGroup;
			children = (
				FFD830AE26B983BD00EA1AA3 /* MyProfileViewController.swift */,
				FFD830AD26B983BD00EA1AA3 /* UpdateProfileViewController.swift */,
			);
			path = MyProfileVC;
			sourceTree = "<group>";
		};
		FFD830B526B9875B00EA1AA3 /* CalibrationVC */ = {
			isa = PBXGroup;
			children = (
				FFD830B626B9875B00EA1AA3 /* CalibrationViewController.swift */,
			);
			path = CalibrationVC;
			sourceTree = "<group>";
		};
		FFDA7631268B483700FDE3D5 /* CategoryRoutineCell */ = {
			isa = PBXGroup;
			children = (
				FFDA7632268B486500FDE3D5 /* RoutineCatCell.swift */,
				FFDA7633268B486500FDE3D5 /* RoutineCatCell.xib */,
			);
			path = CategoryRoutineCell;
			sourceTree = "<group>";
		};
		FFDA7638268B6CD200FDE3D5 /* RoutineDetailCell */ = {
			isa = PBXGroup;
			children = (
				FFDA7639268B6CFA00FDE3D5 /* RoutineDetailCell.swift */,
				FFDA763A268B6CFA00FDE3D5 /* RoutineDetailCell.xib */,
			);
			path = RoutineDetailCell;
			sourceTree = "<group>";
		};
		FFEC00BB2695D34200097D07 /* MenuCell */ = {
			isa = PBXGroup;
			children = (
				FFEC00B72695D33D00097D07 /* MenuListCell.swift */,
				FFEC00B82695D33D00097D07 /* MenuListCell.xib */,
			);
			path = MenuCell;
			sourceTree = "<group>";
		};
		FFF1A50C26B0490500A1B8A2 /* LoginRegisterView */ = {
			isa = PBXGroup;
			children = (
				FFF1A50D26B0490500A1B8A2 /* SignUpViewController.swift */,
				FFF1A50E26B0490500A1B8A2 /* ForgotPasswordViewController.swift */,
				FFF1A50F26B0490500A1B8A2 /* LoginViewController.swift */,
			);
			path = LoginRegisterView;
			sourceTree = "<group>";
		};
/* End PBXGroup section */

/* Begin PBXNativeTarget section */
		FF52EA742680DA7900193EA1 /* MassageRobot */ = {
			isa = PBXNativeTarget;
			buildConfigurationList = FF52EA8C2680DA7900193EA1 /* Build configuration list for PBXNativeTarget "MassageRobot" */;
			buildPhases = (
				8DB8A95355B5FA008F662B6F /* [CP] Check Pods Manifest.lock */,
				FF52EA712680DA7900193EA1 /* Sources */,
				FF52EA722680DA7900193EA1 /* Frameworks */,
				FF52EA732680DA7900193EA1 /* Resources */,
				11E6540F4E654F4428A433C3 /* [CP] Embed Pods Frameworks */,
			);
			buildRules = (
			);
			dependencies = (
			);
			name = MassageRobot;
			productName = MassageRobot;
			productReference = FF52EA752680DA7900193EA1 /* MassageRobot.app */;
			productType = "com.apple.product-type.application";
		};
/* End PBXNativeTarget section */

/* Begin PBXProject section */
		FF52EA6D2680DA7900193EA1 /* Project object */ = {
			isa = PBXProject;
			attributes = {
				LastSwiftUpdateCheck = 1250;
				LastUpgradeCheck = 1250;
				TargetAttributes = {
					FF52EA742680DA7900193EA1 = {
						CreatedOnToolsVersion = 12.5;
					};
				};
			};
			buildConfigurationList = FF52EA702680DA7900193EA1 /* Build configuration list for PBXProject "MassageRobot" */;
			compatibilityVersion = "Xcode 9.3";
			developmentRegion = en;
			hasScannedForEncodings = 0;
			knownRegions = (
				en,
				Base,
			);
			mainGroup = FF52EA6C2680DA7900193EA1;
			productRefGroup = FF52EA762680DA7900193EA1 /* Products */;
			projectDirPath = "";
			projectRoot = "";
			targets = (
				FF52EA742680DA7900193EA1 /* MassageRobot */,
			);
		};
/* End PBXProject section */

/* Begin PBXResourcesBuildPhase section */
		FF52EA732680DA7900193EA1 /* Resources */ = {
			isa = PBXResourcesBuildPhase;
			buildActionMask = 2147483647;
			files = (
				FFC76AB926859E4400A76C59 /* FeatureCell.xib in Resources */,
				FFEC00BA2695D33D00097D07 /* MenuListCell.xib in Resources */,
				FF15635926810050008BB56E /* Info.storyboard in Resources */,
				FF1563B9268109C0008BB56E /* Lato-LightItalic.ttf in Resources */,
				FF1563B7268109C0008BB56E /* Lato-Light.ttf in Resources */,
				FF00D53E26AE730F00B440F4 /* SegmentPlayCell.xib in Resources */,
				FF1563BD268109C0008BB56E /* Lato-Regular.ttf in Resources */,
				FF1563B8268109C0008BB56E /* Lato-BlackItalic.ttf in Resources */,
				FF1563B3268109C0008BB56E /* Lato-ThinItalic.ttf in Resources */,
				FF52EA882680DA7900193EA1 /* LaunchScreen.storyboard in Resources */,
				FF1563BB268109C0008BB56E /* Lato-BoldItalic.ttf in Resources */,
				FF52EA852680DA7900193EA1 /* Assets.xcassets in Resources */,
				FF161F1726AC49660001D693 /* GoogleService-Info.plist in Resources */,
				FFC76AB826859E4400A76C59 /* DiscoverCell.xib in Resources */,
				FF1563BA268109C0008BB56E /* Lato-Bold.ttf in Resources */,
				FF1563B5268109C0008BB56E /* Lato-Thin.ttf in Resources */,
				FFC76AB726859E4400A76C59 /* ForYouCell.xib in Resources */,
				764C0949272FDE6E000F540E /* NewRoutine.xib in Resources */,
				FF15635D26810064008BB56E /* Menu.storyboard in Resources */,
				18E7BFBA26A866BD0025D514 /* RoutineParam.xib in Resources */,
				FF1563B6268109C0008BB56E /* OFL.txt in Resources */,
				761B63F52739002F0025F322 /* SegmentCreate.xib in Resources */,
				FFD830AF26B983BD00EA1AA3 /* AnsQueCell.xib in Resources */,
				FF52EA802680DA7900193EA1 /* Main.storyboard in Resources */,
				FFDA7635268B486500FDE3D5 /* RoutineCatCell.xib in Resources */,
				FF1563552681002E008BB56E /* CreateToutine.storyboard in Resources */,
				FF15635726810046008BB56E /* Search.storyboard in Resources */,
				FF1563B4268109C0008BB56E /* Lato-Black.ttf in Resources */,
				FF1563BC268109C0008BB56E /* Lato-Italic.ttf in Resources */,
				FF15635B2681005B008BB56E /* Notification.storyboard in Resources */,
				FFDA763C268B6CFA00FDE3D5 /* RoutineDetailCell.xib in Resources */,
			);
			runOnlyForDeploymentPostprocessing = 0;
		};
/* End PBXResourcesBuildPhase section */

/* Begin PBXShellScriptBuildPhase section */
		11E6540F4E654F4428A433C3 /* [CP] Embed Pods Frameworks */ = {
			isa = PBXShellScriptBuildPhase;
			buildActionMask = 2147483647;
			files = (
			);
			inputFileListPaths = (
				"${PODS_ROOT}/Target Support Files/Pods-MassageRobot/Pods-MassageRobot-frameworks-${CONFIGURATION}-input-files.xcfilelist",
			);
			name = "[CP] Embed Pods Frameworks";
			outputFileListPaths = (
				"${PODS_ROOT}/Target Support Files/Pods-MassageRobot/Pods-MassageRobot-frameworks-${CONFIGURATION}-output-files.xcfilelist",
			);
			runOnlyForDeploymentPostprocessing = 0;
			shellPath = /bin/sh;
			shellScript = "\"${PODS_ROOT}/Target Support Files/Pods-MassageRobot/Pods-MassageRobot-frameworks.sh\"\n";
			showEnvVarsInLog = 0;
		};
		8DB8A95355B5FA008F662B6F /* [CP] Check Pods Manifest.lock */ = {
			isa = PBXShellScriptBuildPhase;
			buildActionMask = 2147483647;
			files = (
			);
			inputFileListPaths = (
			);
			inputPaths = (
				"${PODS_PODFILE_DIR_PATH}/Podfile.lock",
				"${PODS_ROOT}/Manifest.lock",
			);
			name = "[CP] Check Pods Manifest.lock";
			outputFileListPaths = (
			);
			outputPaths = (
				"$(DERIVED_FILE_DIR)/Pods-MassageRobot-checkManifestLockResult.txt",
			);
			runOnlyForDeploymentPostprocessing = 0;
			shellPath = /bin/sh;
			shellScript = "diff \"${PODS_PODFILE_DIR_PATH}/Podfile.lock\" \"${PODS_ROOT}/Manifest.lock\" > /dev/null\nif [ $? != 0 ] ; then\n    # print error to STDERR\n    echo \"error: The sandbox is not in sync with the Podfile.lock. Run 'pod install' or update your CocoaPods installation.\" >&2\n    exit 1\nfi\n# This output is used by Xcode 'outputs' to avoid re-running this script phase.\necho \"SUCCESS\" > \"${SCRIPT_OUTPUT_FILE_0}\"\n";
			showEnvVarsInLog = 0;
		};
/* End PBXShellScriptBuildPhase section */

/* Begin PBXSourcesBuildPhase section */
		FF52EA712680DA7900193EA1 /* Sources */ = {
			isa = PBXSourcesBuildPhase;
			buildActionMask = 2147483647;
			files = (
				FF15639C26810707008BB56E /* SharedFunctions.swift in Sources */,
				FFC76AB426859E4400A76C59 /* ForYouCell.swift in Sources */,
				FF156363268102DC008BB56E /* TabViewController.swift in Sources */,
				FF15639926810707008BB56E /* UnderlineTextField.swift in Sources */,
				FFDA7637268B668900FDE3D5 /* RoutineDetailViewController.swift in Sources */,
				761B63F42739002F0025F322 /* SegmentCreate.swift in Sources */,
				CFC6FD6227562F7900BECB6A /* SearchDataVC.swift in Sources */,
				FFC76AB626859E4400A76C59 /* DiscoverCell.swift in Sources */,
				FF15639F26810707008BB56E /* LoginModel.swift in Sources */,
				764C094C272FDE9B000F540E /* NewRoutinView.swift in Sources */,
				FF15639A26810707008BB56E /* JSONParser.swift in Sources */,
				FF1563A726810707008BB56E /* FilledColorView.swift in Sources */,
				FF15639B26810707008BB56E /* UIApplication+extention.swift in Sources */,
				FFC76AA726859D7400A76C59 /* HomeViewController.swift in Sources */,
				FFD830B226B983BD00EA1AA3 /* AnsQueListViewController.swift in Sources */,
				FFB0708F26860A9B00A9DB58 /* FrostyTabBar.swift in Sources */,
				FF1563BF26811A6A008BB56E /* CreateRoutineViewController.swift in Sources */,
				FF00D53D26AE730F00B440F4 /* SegmentPlayCell.swift in Sources */,
				FFCD669126AB18E400A0878F /* CreateSegmentVC.swift in Sources */,
				FF1563A526810707008BB56E /* TriangleView.swift in Sources */,
				FFC76AB526859E4400A76C59 /* FeatureCell.swift in Sources */,
				FFDA7634268B486500FDE3D5 /* RoutineCatCell.swift in Sources */,
				FF9AFE7726D0D20000998E5F /* EqualizerVC.swift in Sources */,
				FF3DC8E926AD4B6000143F8D /* SegmentPlayVC.swift in Sources */,
				FF1563A126810707008BB56E /* RotatingCircularGradientProgressBar.swift in Sources */,
				768F9B0E26FD929100381894 /* PDFViewVC.swift in Sources */,
				764C0952272FEA09000F540E /* NewCreateSegmentVC.swift in Sources */,
				765B021026FC5F7600EFF7AB /* NewHomeVC.swift in Sources */,
				FF32318026CBD76E00E2514A /* SortingVC.swift in Sources */,
				FF52EA832680DA7900193EA1 /* MassageRobot.xcdatamodeld in Sources */,
				FFD830B326B983BD00EA1AA3 /* UpdateProfileViewController.swift in Sources */,
				FF1563A626810707008BB56E /* helper.swift in Sources */,
				FFDA763B268B6CFA00FDE3D5 /* RoutineDetailCell.swift in Sources */,
				FF1563A226810707008BB56E /* GradientHorizontalProgressBar.swift in Sources */,
				FFD830B426B983BD00EA1AA3 /* MyProfileViewController.swift in Sources */,
				FFD830B026B983BD00EA1AA3 /* AnsQueCell.swift in Sources */,
				FFF1A51226B0490500A1B8A2 /* LoginViewController.swift in Sources */,
				FFEC00B92695D33D00097D07 /* MenuListCell.swift in Sources */,
				FFD830B126B983BD00EA1AA3 /* MyPreferenceVC.swift in Sources */,
				FFEC00B52695ABD300097D07 /* MenuListVC.swift in Sources */,
				FFF1A51126B0490500A1B8A2 /* ForgotPasswordViewController.swift in Sources */,
				766E7A87274676B700B1D5B7 /* SearchFilterVC.swift in Sources */,
				FF80202F26AC5A2100F12CC6 /* RoutineParam.swift in Sources */,
				FF15639D26810707008BB56E /* Extenstion.swift in Sources */,
				FF15639E26810707008BB56E /* Constant.swift in Sources */,
				FF1563A326810707008BB56E /* GradientCircularProgressBar.swift in Sources */,
				FFD830B726B9875B00EA1AA3 /* CalibrationViewController.swift in Sources */,
				FF1563A426810707008BB56E /* PlainCircularProgressBar.swift in Sources */,
				FF15638526810689008BB56E /* CustomDelegate.swift in Sources */,
				FF9D058B268B37F20087E6BF /* CategoryRoutineViewController.swift in Sources */,
				FF1563A026810707008BB56E /* PlainHorizontalProgressBar.swift in Sources */,
				FF52EA792680DA7900193EA1 /* AppDelegate.swift in Sources */,
				FF31761026A6CB9E005794FA /* RoutineDetailDisplayVC.swift in Sources */,
				FFF1A51026B0490500A1B8A2 /* SignUpViewController.swift in Sources */,
			);
			runOnlyForDeploymentPostprocessing = 0;
		};
/* End PBXSourcesBuildPhase section */

/* Begin PBXVariantGroup section */
		FF52EA7E2680DA7900193EA1 /* Main.storyboard */ = {
			isa = PBXVariantGroup;
			children = (
				FF52EA7F2680DA7900193EA1 /* Base */,
			);
			name = Main.storyboard;
			sourceTree = "<group>";
		};
		FF52EA862680DA7900193EA1 /* LaunchScreen.storyboard */ = {
			isa = PBXVariantGroup;
			children = (
				FF52EA872680DA7900193EA1 /* Base */,
			);
			name = LaunchScreen.storyboard;
			sourceTree = "<group>";
		};
/* End PBXVariantGroup section */

/* Begin XCBuildConfiguration section */
		FF52EA8A2680DA7900193EA1 /* Debug */ = {
			isa = XCBuildConfiguration;
			buildSettings = {
				ALWAYS_SEARCH_USER_PATHS = NO;
				CLANG_ANALYZER_NONNULL = YES;
				CLANG_ANALYZER_NUMBER_OBJECT_CONVERSION = YES_AGGRESSIVE;
				CLANG_CXX_LANGUAGE_STANDARD = "gnu++14";
				CLANG_CXX_LIBRARY = "libc++";
				CLANG_ENABLE_MODULES = YES;
				CLANG_ENABLE_OBJC_ARC = YES;
				CLANG_ENABLE_OBJC_WEAK = YES;
				CLANG_WARN_BLOCK_CAPTURE_AUTORELEASING = YES;
				CLANG_WARN_BOOL_CONVERSION = YES;
				CLANG_WARN_COMMA = YES;
				CLANG_WARN_CONSTANT_CONVERSION = YES;
				CLANG_WARN_DEPRECATED_OBJC_IMPLEMENTATIONS = YES;
				CLANG_WARN_DIRECT_OBJC_ISA_USAGE = YES_ERROR;
				CLANG_WARN_DOCUMENTATION_COMMENTS = YES;
				CLANG_WARN_EMPTY_BODY = YES;
				CLANG_WARN_ENUM_CONVERSION = YES;
				CLANG_WARN_INFINITE_RECURSION = YES;
				CLANG_WARN_INT_CONVERSION = YES;
				CLANG_WARN_NON_LITERAL_NULL_CONVERSION = YES;
				CLANG_WARN_OBJC_IMPLICIT_RETAIN_SELF = YES;
				CLANG_WARN_OBJC_LITERAL_CONVERSION = YES;
				CLANG_WARN_OBJC_ROOT_CLASS = YES_ERROR;
				CLANG_WARN_QUOTED_INCLUDE_IN_FRAMEWORK_HEADER = YES;
				CLANG_WARN_RANGE_LOOP_ANALYSIS = YES;
				CLANG_WARN_STRICT_PROTOTYPES = YES;
				CLANG_WARN_SUSPICIOUS_MOVE = YES;
				CLANG_WARN_UNGUARDED_AVAILABILITY = YES_AGGRESSIVE;
				CLANG_WARN_UNREACHABLE_CODE = YES;
				CLANG_WARN__DUPLICATE_METHOD_MATCH = YES;
				COPY_PHASE_STRIP = NO;
				DEBUG_INFORMATION_FORMAT = dwarf;
				ENABLE_STRICT_OBJC_MSGSEND = YES;
				ENABLE_TESTABILITY = YES;
				GCC_C_LANGUAGE_STANDARD = gnu11;
				GCC_DYNAMIC_NO_PIC = NO;
				GCC_NO_COMMON_BLOCKS = YES;
				GCC_OPTIMIZATION_LEVEL = 0;
				GCC_PREPROCESSOR_DEFINITIONS = (
					"DEBUG=1",
					"$(inherited)",
				);
				GCC_WARN_64_TO_32_BIT_CONVERSION = YES;
				GCC_WARN_ABOUT_RETURN_TYPE = YES_ERROR;
				GCC_WARN_UNDECLARED_SELECTOR = YES;
				GCC_WARN_UNINITIALIZED_AUTOS = YES_AGGRESSIVE;
				GCC_WARN_UNUSED_FUNCTION = YES;
				GCC_WARN_UNUSED_VARIABLE = YES;
				IPHONEOS_DEPLOYMENT_TARGET = 12.1;
				MTL_ENABLE_DEBUG_INFO = INCLUDE_SOURCE;
				MTL_FAST_MATH = YES;
				ONLY_ACTIVE_ARCH = YES;
				SDKROOT = iphoneos;
				SWIFT_ACTIVE_COMPILATION_CONDITIONS = DEBUG;
				SWIFT_OPTIMIZATION_LEVEL = "-Onone";
			};
			name = Debug;
		};
		FF52EA8B2680DA7900193EA1 /* Release */ = {
			isa = XCBuildConfiguration;
			buildSettings = {
				ALWAYS_SEARCH_USER_PATHS = NO;
				CLANG_ANALYZER_NONNULL = YES;
				CLANG_ANALYZER_NUMBER_OBJECT_CONVERSION = YES_AGGRESSIVE;
				CLANG_CXX_LANGUAGE_STANDARD = "gnu++14";
				CLANG_CXX_LIBRARY = "libc++";
				CLANG_ENABLE_MODULES = YES;
				CLANG_ENABLE_OBJC_ARC = YES;
				CLANG_ENABLE_OBJC_WEAK = YES;
				CLANG_WARN_BLOCK_CAPTURE_AUTORELEASING = YES;
				CLANG_WARN_BOOL_CONVERSION = YES;
				CLANG_WARN_COMMA = YES;
				CLANG_WARN_CONSTANT_CONVERSION = YES;
				CLANG_WARN_DEPRECATED_OBJC_IMPLEMENTATIONS = YES;
				CLANG_WARN_DIRECT_OBJC_ISA_USAGE = YES_ERROR;
				CLANG_WARN_DOCUMENTATION_COMMENTS = YES;
				CLANG_WARN_EMPTY_BODY = YES;
				CLANG_WARN_ENUM_CONVERSION = YES;
				CLANG_WARN_INFINITE_RECURSION = YES;
				CLANG_WARN_INT_CONVERSION = YES;
				CLANG_WARN_NON_LITERAL_NULL_CONVERSION = YES;
				CLANG_WARN_OBJC_IMPLICIT_RETAIN_SELF = YES;
				CLANG_WARN_OBJC_LITERAL_CONVERSION = YES;
				CLANG_WARN_OBJC_ROOT_CLASS = YES_ERROR;
				CLANG_WARN_QUOTED_INCLUDE_IN_FRAMEWORK_HEADER = YES;
				CLANG_WARN_RANGE_LOOP_ANALYSIS = YES;
				CLANG_WARN_STRICT_PROTOTYPES = YES;
				CLANG_WARN_SUSPICIOUS_MOVE = YES;
				CLANG_WARN_UNGUARDED_AVAILABILITY = YES_AGGRESSIVE;
				CLANG_WARN_UNREACHABLE_CODE = YES;
				CLANG_WARN__DUPLICATE_METHOD_MATCH = YES;
				COPY_PHASE_STRIP = NO;
				DEBUG_INFORMATION_FORMAT = "dwarf-with-dsym";
				ENABLE_NS_ASSERTIONS = NO;
				ENABLE_STRICT_OBJC_MSGSEND = YES;
				GCC_C_LANGUAGE_STANDARD = gnu11;
				GCC_NO_COMMON_BLOCKS = YES;
				GCC_WARN_64_TO_32_BIT_CONVERSION = YES;
				GCC_WARN_ABOUT_RETURN_TYPE = YES_ERROR;
				GCC_WARN_UNDECLARED_SELECTOR = YES;
				GCC_WARN_UNINITIALIZED_AUTOS = YES_AGGRESSIVE;
				GCC_WARN_UNUSED_FUNCTION = YES;
				GCC_WARN_UNUSED_VARIABLE = YES;
				IPHONEOS_DEPLOYMENT_TARGET = 12.1;
				MTL_ENABLE_DEBUG_INFO = NO;
				MTL_FAST_MATH = YES;
				SDKROOT = iphoneos;
				SWIFT_COMPILATION_MODE = wholemodule;
				SWIFT_OPTIMIZATION_LEVEL = "-O";
				VALIDATE_PRODUCT = YES;
			};
			name = Release;
		};
		FF52EA8D2680DA7900193EA1 /* Debug */ = {
			isa = XCBuildConfiguration;
			baseConfigurationReference = 4FE5770241B38B4D6DD47EA6 /* Pods-MassageRobot.debug.xcconfig */;
			buildSettings = {
				ASSETCATALOG_COMPILER_APPICON_NAME = AppIcon;
				ASSETCATALOG_COMPILER_GLOBAL_ACCENT_COLOR_NAME = AccentColor;
				ASSETCATALOG_COMPILER_INCLUDE_ALL_APPICON_ASSETS = YES;
				CODE_SIGN_IDENTITY = "Apple Development";
				CODE_SIGN_STYLE = Automatic;
				DEVELOPMENT_TEAM = 52555FNFWG;
				INFOPLIST_FILE = MassageRobot/Info.plist;
				IPHONEOS_DEPLOYMENT_TARGET = 12.1;
				LD_RUNPATH_SEARCH_PATHS = (
					"$(inherited)",
					"@executable_path/Frameworks",
				);
				PRODUCT_BUNDLE_IDENTIFIER = com.robot.massage;
				PRODUCT_NAME = "$(TARGET_NAME)";
				PROVISIONING_PROFILE_SPECIFIER = "";
				SWIFT_VERSION = 5.0;
				TARGETED_DEVICE_FAMILY = "1,2";
			};
			name = Debug;
		};
		FF52EA8E2680DA7900193EA1 /* Release */ = {
			isa = XCBuildConfiguration;
			baseConfigurationReference = EC95C85BD355C123C7E50F99 /* Pods-MassageRobot.release.xcconfig */;
			buildSettings = {
				ASSETCATALOG_COMPILER_APPICON_NAME = AppIcon;
				ASSETCATALOG_COMPILER_GLOBAL_ACCENT_COLOR_NAME = AccentColor;
				ASSETCATALOG_COMPILER_INCLUDE_ALL_APPICON_ASSETS = YES;
				CODE_SIGN_IDENTITY = "Apple Development";
				CODE_SIGN_STYLE = Automatic;
				DEVELOPMENT_TEAM = 52555FNFWG;
				INFOPLIST_FILE = MassageRobot/Info.plist;
				IPHONEOS_DEPLOYMENT_TARGET = 12.1;
				LD_RUNPATH_SEARCH_PATHS = (
					"$(inherited)",
					"@executable_path/Frameworks",
				);
				PRODUCT_BUNDLE_IDENTIFIER = com.robot.massage;
				PRODUCT_NAME = "$(TARGET_NAME)";
				PROVISIONING_PROFILE_SPECIFIER = "";
				SWIFT_VERSION = 5.0;
				TARGETED_DEVICE_FAMILY = "1,2";
			};
			name = Release;
		};
/* End XCBuildConfiguration section */

/* Begin XCConfigurationList section */
		FF52EA702680DA7900193EA1 /* Build configuration list for PBXProject "MassageRobot" */ = {
			isa = XCConfigurationList;
			buildConfigurations = (
				FF52EA8A2680DA7900193EA1 /* Debug */,
				FF52EA8B2680DA7900193EA1 /* Release */,
			);
			defaultConfigurationIsVisible = 0;
			defaultConfigurationName = Release;
		};
		FF52EA8C2680DA7900193EA1 /* Build configuration list for PBXNativeTarget "MassageRobot" */ = {
			isa = XCConfigurationList;
			buildConfigurations = (
				FF52EA8D2680DA7900193EA1 /* Debug */,
				FF52EA8E2680DA7900193EA1 /* Release */,
			);
			defaultConfigurationIsVisible = 0;
			defaultConfigurationName = Release;
		};
/* End XCConfigurationList section */

/* Begin XCVersionGroup section */
		FF52EA812680DA7900193EA1 /* MassageRobot.xcdatamodeld */ = {
			isa = XCVersionGroup;
			children = (
				FF52EA822680DA7900193EA1 /* MassageRobot.xcdatamodel */,
			);
			currentVersion = FF52EA822680DA7900193EA1 /* MassageRobot.xcdatamodel */;
			path = MassageRobot.xcdatamodeld;
			sourceTree = "<group>";
			versionGroupType = wrapper.xcdatamodel;
		};
/* End XCVersionGroup section */
	};
	rootObject = FF52EA6D2680DA7900193EA1 /* Project object */;
}
